github.com/google/uuid v1.6.0 h1:NIvaJDMOsjHA8n1jAhLSgzrAzy1Hgr+hNrb57e+94F0=
github.com/google/uuid v1.6.0/go.mod h1:TIyPZe4MgqvfeYDBFedMoGGpEw/LqOeaOT+nhxU+yHo=
modernc.org/libc v1.61.12 h1:Fsnh0A7XLXylYNwIOJmKux9PhnfrIvMaMnjuyJ1t/f4=
modernc.org/libc v1.61.12/go.mod h1:8F/uJWL/3nNil0Lgt1Dpz+GgkApWh04N3el3hxJcA6E=
